{
    "_readme": [
        "This file locks the dependencies of your project to a known state",
        "Read more about it at https://getcomposer.org/doc/01-basic-usage.md#installing-dependencies",
        "This file is @generated automatically"
    ],
    "content-hash": "7aa8e4c187151d9c7c21bde7aecabaee",
    "packages": [
        {
            "name": "getkirby/composer-installer",
            "version": "1.1.4",
            "source": {
                "type": "git",
                "url": "https://github.com/getkirby/composer-installer.git",
                "reference": "2d6b8f5601a31caeeea45623e1643fbb437eb94e"
            },
            "dist": {
                "type": "zip",
                "url": "https://api.github.com/repos/getkirby/composer-installer/zipball/2d6b8f5601a31caeeea45623e1643fbb437eb94e",
                "reference": "2d6b8f5601a31caeeea45623e1643fbb437eb94e",
                "shasum": ""
            },
            "require": {
                "composer-plugin-api": "^1.0"
            },
            "require-dev": {
                "composer/composer": "^1.8",
                "phpunit/phpunit": "^7.0"
            },
            "type": "composer-plugin",
            "extra": {
                "class": "Kirby\\ComposerInstaller\\Plugin"
            },
            "autoload": {
                "psr-4": {
                    "Kirby\\": "src/"
                }
            },
            "notification-url": "https://packagist.org/downloads/",
            "license": [
                "MIT"
            ],
            "description": "Kirby's custom Composer installer for the Kirby CMS and for Kirby plugins",
            "homepage": "https://getkirby.com",
            "time": "2019-02-11T20:27:36+00:00"
        },
        {
            "name": "gumlet/php-image-resize",
            "version": "1.9.2",
            "source": {
                "type": "git",
                "url": "https://github.com/gumlet/php-image-resize.git",
                "reference": "06339a9c1b167acd58173db226f57957a6617547"
            },
            "dist": {
                "type": "zip",
                "url": "https://api.github.com/repos/gumlet/php-image-resize/zipball/06339a9c1b167acd58173db226f57957a6617547",
                "reference": "06339a9c1b167acd58173db226f57957a6617547",
                "shasum": ""
            },
            "require": {
                "ext-fileinfo": "*",
                "ext-gd": "*",
                "php": ">=5.5.0"
            },
            "require-dev": {
                "apigen/apigen": "^4.1",
                "ext-exif": "*",
                "ext-gd": "*",
                "php-coveralls/php-coveralls": "^2.1",
                "phpunit/phpunit": "^4.8"
            },
            "suggest": {
                "ext-exif": "Auto-rotate jpeg files"
            },
            "type": "library",
            "autoload": {
                "psr-4": {
                    "Gumlet\\": "lib/"
                }
            },
            "notification-url": "https://packagist.org/downloads/",
            "license": [
                "MIT"
            ],
            "authors": [
                {
                    "name": "Aditya Patadia",
                    "homepage": "http://aditya.patadia.org/"
                }
            ],
            "description": "PHP class to re-size and scale images",
            "homepage": "https://github.com/gumlet/php-image-resize",
            "keywords": [
                "image",
                "php",
                "resize",
                "scale"
            ],
            "time": "2019-01-01T13:53:00+00:00"
        }
    ],
    "packages-dev": [],
    "aliases": [],
    "minimum-stability": "stable",
    "stability-flags": [],
    "prefer-stable": false,
    "prefer-lowest": false,
    "platform": [],
    "platform-dev": []
}
